<?xml version="1.0" encoding="utf-8"?>
<Project ToolsVersion="4.0" xmlns="http://schemas.microsoft.com/developer/msbuild/2003">
  <ItemGroup>
    <Filter Include="Source Files">
      <UniqueIdentifier>{4FC737F1-C7A5-4376-A066-2A32D752A2FF}</UniqueIdentifier>
      <Extensions>cpp;c;cc;cxx;c++;cppm;ixx;def;odl;idl;hpj;bat;asm;asmx</Extensions>
    </Filter>
    <Filter Include="Header Files">
      <UniqueIdentifier>{93995380-89BD-4b04-88EB-625FBE52EBFB}</UniqueIdentifier>
      <Extensions>h;hh;hpp;hxx;h++;hm;inl;inc;ipp;xsd</Extensions>
    </Filter>
    <Filter Include="Source Files\Entidades">
      <UniqueIdentifier>{fd7a504f-3088-4091-8512-d80101f4e716}</UniqueIdentifier>
    </Filter>
    <Filter Include="Header Files\Entidades">
      <UniqueIdentifier>{8fab6c8f-cb35-43a3-b91b-3f88e42ea700}</UniqueIdentifier>
    </Filter>
    <Filter Include="Header Files\Gerenciadores">
      <UniqueIdentifier>{748dcb39-e48d-4b3e-aeaa-c1e3829c24bf}</UniqueIdentifier>
    </Filter>
    <Filter Include="Source Files\Gerenciadores">
      <UniqueIdentifier>{a014ac06-726a-4cbd-87ed-4000f1289396}</UniqueIdentifier>
    </Filter>
    <Filter Include="Header Files\Entidades\Inimigos">
      <UniqueIdentifier>{124afc27-6968-4cf1-b419-acb0d64dad11}</UniqueIdentifier>
    </Filter>
    <Filter Include="Header Files\Listas">
      <UniqueIdentifier>{397360e2-053a-4cc7-a30d-99a240abfd4d}</UniqueIdentifier>
    </Filter>
    <Filter Include="Source Files\Entidades\Inimigos">
      <UniqueIdentifier>{9c92a36f-e568-4906-8b3f-ec8f477e1e81}</UniqueIdentifier>
    </Filter>
    <Filter Include="Header Files\Fases">
      <UniqueIdentifier>{66d88751-b3e8-4317-8fd1-7b41ff06b3c6}</UniqueIdentifier>
    </Filter>
    <Filter Include="Source Files\Fases">
      <UniqueIdentifier>{154668f8-fe3e-4e2e-b6b5-26e91dfd5cc9}</UniqueIdentifier>
    </Filter>
  </ItemGroup>
  <ItemGroup>
    <ClCompile Include="main.cpp">
      <Filter>Source Files</Filter>
    </ClCompile>
    <ClCompile Include="Jogo.cpp">
      <Filter>Source Files</Filter>
    </ClCompile>
    <ClCompile Include="Ente.cpp">
      <Filter>Source Files</Filter>
    </ClCompile>
    <ClCompile Include="Entidade.cpp">
      <Filter>Source Files\Entidades</Filter>
    </ClCompile>
    <ClCompile Include="Personagem.cpp">
      <Filter>Source Files\Entidades</Filter>
    </ClCompile>
    <ClCompile Include="Jogador.cpp">
      <Filter>Source Files\Entidades</Filter>
    </ClCompile>
    <ClCompile Include="Gerenciador_Grafico.cpp">
      <Filter>Source Files\Gerenciadores</Filter>
    </ClCompile>
    <ClCompile Include="Gerenciador_Colisao.cpp">
      <Filter>Source Files\Gerenciadores</Filter>
    </ClCompile>
    <ClCompile Include="Inimigo.cpp">
      <Filter>Source Files\Entidades\Inimigos</Filter>
    </ClCompile>
    <ClCompile Include="Leitao.cpp">
      <Filter>Source Files\Entidades\Inimigos</Filter>
    </ClCompile>
    <ClCompile Include="Projetil.cpp">
      <Filter>Source Files\Entidades</Filter>
    </ClCompile>
    <ClCompile Include="Toucinho.cpp">
      <Filter>Source Files\Entidades\Inimigos</Filter>
    </ClCompile>
    <ClCompile Include="Baconzilla.cpp">
      <Filter>Source Files\Entidades\Inimigos</Filter>
    </ClCompile>
    <ClCompile Include="ListaEntidades.cpp">
      <Filter>Source Files\Entidades</Filter>
    </ClCompile>
    <ClCompile Include="Fase.cpp">
      <Filter>Source Files\Fases</Filter>
    </ClCompile>
  </ItemGroup>
  <ItemGroup>
    <ClInclude Include="Jogo.h">
      <Filter>Header Files</Filter>
    </ClInclude>
    <ClInclude Include="Ente.h">
      <Filter>Header Files</Filter>
    </ClInclude>
    <ClInclude Include="Personagem.h">
      <Filter>Header Files\Entidades</Filter>
    </ClInclude>
    <ClInclude Include="Jogador.h">
      <Filter>Header Files\Entidades</Filter>
    </ClInclude>
    <ClInclude Include="Gerenciador_Grafico.h">
      <Filter>Header Files\Gerenciadores</Filter>
    </ClInclude>
    <ClInclude Include="Gerenciador_Colisao.h">
      <Filter>Header Files\Gerenciadores</Filter>
    </ClInclude>
    <ClInclude Include="Entidade.h">
      <Filter>Header Files\Entidades</Filter>
    </ClInclude>
    <ClInclude Include="Baconzilla.h">
      <Filter>Header Files\Entidades\Inimigos</Filter>
    </ClInclude>
    <ClInclude Include="Toucinho.h">
      <Filter>Header Files\Entidades\Inimigos</Filter>
    </ClInclude>
    <ClInclude Include="Projetil.h">
      <Filter>Header Files\Entidades</Filter>
    </ClInclude>
    <ClInclude Include="Leitao.h">
      <Filter>Header Files\Entidades\Inimigos</Filter>
    </ClInclude>
    <ClInclude Include="Lista.h">
      <Filter>Header Files\Listas</Filter>
    </ClInclude>
    <ClInclude Include="Elemento.h">
      <Filter>Header Files\Listas</Filter>
    </ClInclude>
    <ClInclude Include="Inimigo.h">
      <Filter>Header Files\Entidades\Inimigos</Filter>
    </ClInclude>
    <ClInclude Include="ListaEntidades.h">
      <Filter>Header Files\Entidades</Filter>
    </ClInclude>
    <ClInclude Include="Fase.h">
      <Filter>Header Files\Fases</Filter>
    </ClInclude>
  </ItemGroup>
</Project>